// !$*UTF8*$!
{
	archiveVersion = 1;
	classes = {
	};
	objectVersion = 46;
	objects = {

/* Begin PBXBuildFile section */
		E31BBB561B80BC9E00F967DE /* AppDelegate.swift in Sources */ = {isa = PBXBuildFile; fileRef = E31BBB551B80BC9E00F967DE /* AppDelegate.swift */; };
		E31BBB581B80BC9E00F967DE /* ViewController.swift in Sources */ = {isa = PBXBuildFile; fileRef = E31BBB571B80BC9E00F967DE /* ViewController.swift */; };
		E31BBB5B1B80BC9E00F967DE /* Main.storyboard in Resources */ = {isa = PBXBuildFile; fileRef = E31BBB591B80BC9E00F967DE /* Main.storyboard */; };
		E31BBB5D1B80BC9E00F967DE /* Images.xcassets in Resources */ = {isa = PBXBuildFile; fileRef = E31BBB5C1B80BC9E00F967DE /* Images.xcassets */; };
		E31BBB601B80BC9E00F967DE /* LaunchScreen.xib in Resources */ = {isa = PBXBuildFile; fileRef = E31BBB5E1B80BC9E00F967DE /* LaunchScreen.xib */; };
		E31BBB6C1B80BC9E00F967DE /* WIRTests.swift in Sources */ = {isa = PBXBuildFile; fileRef = E31BBB6B1B80BC9E00F967DE /* WIRTests.swift */; };
/* End PBXBuildFile section */

/* Begin PBXContainerItemProxy section */
		E31BBB661B80BC9E00F967DE /* PBXContainerItemProxy */ = {
			isa = PBXContainerItemProxy;
			containerPortal = E31BBB481B80BC9E00F967DE /* Project object */;
			proxyType = 1;
			remoteGlobalIDString = E31BBB4F1B80BC9E00F967DE;
			remoteInfo = WIR;
		};
/* End PBXContainerItemProxy section */

/* Begin PBXFileReference section */
		E31BBB501B80BC9E00F967DE /* WIR.app */ = {isa = PBXFileReference; explicitFileType = wrapper.application; includeInIndex = 0; path = WIR.app; sourceTree = BUILT_PRODUCTS_DIR; };
		E31BBB541B80BC9E00F967DE /* Info.plist */ = {isa = PBXFileReference; lastKnownFileType = text.plist.xml; path = Info.plist; sourceTree = "<group>"; };
		E31BBB551B80BC9E00F967DE /* AppDelegate.swift */ = {isa = PBXFileReference; lastKnownFileType = sourcecode.swift; path = AppDelegate.swift; sourceTree = "<group>"; };
		E31BBB571B80BC9E00F967DE /* ViewController.swift */ = {isa = PBXFileReference; lastKnownFileType = sourcecode.swift; path = ViewController.swift; sourceTree = "<group>"; };
		E31BBB5A1B80BC9E00F967DE /* Base */ = {isa = PBXFileReference; lastKnownFileType = file.storyboard; name = Base; path = Base.lproj/Main.storyboard; sourceTree = "<group>"; };
		E31BBB5C1B80BC9E00F967DE /* Images.xcassets */ = {isa = PBXFileReference; lastKnownFileType = folder.assetcatalog; path = Images.xcassets; sourceTree = "<group>"; };
		E31BBB5F1B80BC9E00F967DE /* Base */ = {isa = PBXFileReference; lastKnownFileType = file.xib; name = Base; path = Base.lproj/LaunchScreen.xib; sourceTree = "<group>"; };
		E31BBB651B80BC9E00F967DE /* WIRTests.xctest */ = {isa = PBXFileReference; explicitFileType = wrapper.cfbundle; includeInIndex = 0; path = WIRTests.xctest; sourceTree = BUILT_PRODUCTS_DIR; };
		E31BBB6A1B80BC9E00F967DE /* Info.plist */ = {isa = PBXFileReference; lastKnownFileType = text.plist.xml; path = Info.plist; sourceTree = "<group>"; };
		E31BBB6B1B80BC9E00F967DE /* WIRTests.swift */ = {isa = PBXFileReference; lastKnownFileType = sourcecode.swift; path = WIRTests.swift; sourceTree = "<group>"; };
/* End PBXFileReference section */

/* Begin PBXFrameworksBuildPhase section */
		E31BBB4D1B80BC9E00F967DE /* Frameworks */ = {
			isa = PBXFrameworksBuildPhase;
			buildActionMask = 2147483647;
			files = (
			);
			runOnlyForDeploymentPostprocessing = 0;
		};
		E31BBB621B80BC9E00F967DE /* Frameworks */ = {
			isa = PBXFrameworksBuildPhase;
			buildActionMask = 2147483647;
			files = (
			);
			runOnlyForDeploymentPostprocessing = 0;
		};
/* End PBXFrameworksBuildPhase section */

/* Begin PBXGroup section */
		E31BBB471B80BC9E00F967DE = {
			isa = PBXGroup;
			children = (
				E31BBB521B80BC9E00F967DE /* WIR */,
				E31BBB681B80BC9E00F967DE /* WIRTests */,
				E31BBB511B80BC9E00F967DE /* Products */,
			);
			sourceTree = "<group>";
		};
		E31BBB511B80BC9E00F967DE /* Products */ = {
			isa = PBXGroup;
			children = (
				E31BBB501B80BC9E00F967DE /* WIR.app */,
				E31BBB651B80BC9E00F967DE /* WIRTests.xctest */,
			);
			name = Products;
			sourceTree = "<group>";
		};
		E31BBB521B80BC9E00F967DE /* WIR */ = {
			isa = PBXGroup;
			children = (
				E31BBB551B80BC9E00F967DE /* AppDelegate.swift */,
				E31BBB571B80BC9E00F967DE /* ViewController.swift */,
				E31BBB591B80BC9E00F967DE /* Main.storyboard */,
				E31BBB5C1B80BC9E00F967DE /* Images.xcassets */,
				E31BBB5E1B80BC9E00F967DE /* LaunchScreen.xib */,
				E31BBB531B80BC9E00F967DE /* Supporting Files */,
			);
			path = WIR;
			sourceTree = "<group>";
		};
		E31BBB531B80BC9E00F967DE /* Supporting Files */ = {
			isa = PBXGroup;
			children = (
				E31BBB541B80BC9E00F967DE /* Info.plist */,
			);
			name = "Supporting Files";
			sourceTree = "<group>";
		};
		E31BBB681B80BC9E00F967DE /* WIRTests */ = {
			isa = PBXGroup;
			children = (
				E31BBB6B1B80BC9E00F967DE /* WIRTests.swift */,
				E31BBB691B80BC9E00F967DE /* Supporting Files */,
			);
			path = WIRTests;
			sourceTree = "<group>";
		};
		E31BBB691B80BC9E00F967DE /* Supporting Files */ = {
			isa = PBXGroup;
			children = (
				E31BBB6A1B80BC9E00F967DE /* Info.plist */,
			);
			name = "Supporting Files";
			sourceTree = "<group>";
		};
/* End PBXGroup section */

/* Begin PBXNativeTarget section */
		E31BBB4F1B80BC9E00F967DE /* WIR */ = {
			isa = PBXNativeTarget;
			buildConfigurationList = E31BBB6F1B80BC9E00F967DE /* Build configuration list for PBXNativeTarget "WIR" */;
			buildPhases = (
				E31BBB4C1B80BC9E00F967DE /* Sources */,
				E31BBB4D1B80BC9E00F967DE /* Frameworks */,
				E31BBB4E1B80BC9E00F967DE /* Resources */,
			);
			buildRules = (
			);
			dependencies = (
			);
			name = WIR;
			productName = WIR;
			productReference = E31BBB501B80BC9E00F967DE /* WIR.app */;
			productType = "com.apple.product-type.application";
		};
		E31BBB641B80BC9E00F967DE /* WIRTests */ = {
			isa = PBXNativeTarget;
			buildConfigurationList = E31BBB721B80BC9E00F967DE /* Build configuration list for PBXNativeTarget "WIRTests" */;
			buildPhases = (
				E31BBB611B80BC9E00F967DE /* Sources */,
				E31BBB621B80BC9E00F967DE /* Frameworks */,
				E31BBB631B80BC9E00F967DE /* Resources */,
			);
			buildRules = (
			);
			dependencies = (
				E31BBB671B80BC9E00F967DE /* PBXTargetDependency */,
			);
			name = WIRTests;
			productName = WIRTests;
			productReference = E31BBB651B80BC9E00F967DE /* WIRTests.xctest */;
			productType = "com.apple.product-type.bundle.unit-test";
		};
/* End PBXNativeTarget section */

/* Begin PBXProject section */
		E31BBB481B80BC9E00F967DE /* Project object */ = {
			isa = PBXProject;
			attributes = {
				LastUpgradeCheck = 0640;
				ORGANIZATIONNAME = "Karl Annerhult";
				TargetAttributes = {
					E31BBB4F1B80BC9E00F967DE = {
						CreatedOnToolsVersion = 6.4;
					};
					E31BBB641B80BC9E00F967DE = {
						CreatedOnToolsVersion = 6.4;
						TestTargetID = E31BBB4F1B80BC9E00F967DE;
					};
				};
			};
			buildConfigurationList = E31BBB4B1B80BC9E00F967DE /* Build configuration list for PBXProject "WIR" */;
			compatibilityVersion = "Xcode 3.2";
			developmentRegion = English;
			hasScannedForEncodings = 0;
			knownRegions = (
				en,
				Base,
			);
			mainGroup = E31BBB471B80BC9E00F967DE;
			productRefGroup = E31BBB511B80BC9E00F967DE /* Products */;
			projectDirPath = "";
			projectRoot = "";
			targets = (
				E31BBB4F1B80BC9E00F967DE /* WIR */,
				E31BBB641B80BC9E00F967DE /* WIRTests */,
			);
		};
/* End PBXProject section */

/* Begin PBXResourcesBuildPhase section */
		E31BBB4E1B80BC9E00F967DE /* Resources */ = {
			isa = PBXResourcesBuildPhase;
			buildActionMask = 2147483647;
			files = (
				E31BBB5B1B80BC9E00F967DE /* Main.storyboard in Resources */,
				E31BBB601B80BC9E00F967DE /* LaunchScreen.xib in Resources */,
				E31BBB5D1B80BC9E00F967DE /* Images.xcassets in Resources */,
			);
			runOnlyForDeploymentPostprocessing = 0;
		};
		E31BBB631B80BC9E00F967DE /* Resources */ = {
			isa = PBXResourcesBuildPhase;
			buildActionMask = 2147483647;
			files = (
			);
			runOnlyForDeploymentPostprocessing = 0;
		};
/* End PBXResourcesBuildPhase section */

/* Begin PBXSourcesBuildPhase section */
		E31BBB4C1B80BC9E00F967DE /* Sources */ = {
			isa = PBXSourcesBuildPhase;
			buildActionMask = 2147483647;
			files = (
				E31BBB581B80BC9E00F967DE /* ViewController.swift in Sources */,
				E31BBB561B80BC9E00F967DE /* AppDelegate.swift in Sources */,
			);
			runOnlyForDeploymentPostprocessing = 0;
		};
		E31BBB611B80BC9E00F967DE /* Sources */ = {
			isa = PBXSourcesBuildPhase;
			buildActionMask = 2147483647;
			files = (
				E31BBB6C1B80BC9E00F967DE /* WIRTests.swift in Sources */,
			);
			runOnlyForDeploymentPostprocessing = 0;
		};
/* End PBXSourcesBuildPhase section */

/* Begin PBXTargetDependency section */
		E31BBB671B80BC9E00F967DE /* PBXTargetDependency */ = {
			isa = PBXTargetDependency;
			target = E31BBB4F1B80BC9E00F967DE /* WIR */;
			targetProxy = E31BBB661B80BC9E00F967DE /* PBXContainerItemProxy */;
		};
/* End PBXTargetDependency section */

/* Begin PBXVariantGroup section */
		E31BBB591B80BC9E00F967DE /* Main.storyboard */ = {
			isa = PBXVariantGroup;
			children = (
				E31BBB5A1B80BC9E00F967DE /* Base */,
			);
			name = Main.storyboard;
			sourceTree = "<group>";
		};
		E31BBB5E1B80BC9E00F967DE /* LaunchScreen.xib */ = {
			isa = PBXVariantGroup;
			children = (
				E31BBB5F1B80BC9E00F967DE /* Base */,
			);
			name = LaunchScreen.xib;
			sourceTree = "<group>";
		};
/* End PBXVariantGroup section */

/* Begin XCBuildConfiguration section */
		E31BBB6D1B80BC9E00F967DE /* Debug */ = {
			isa = XCBuildConfiguration;
			buildSettings = {
				ALWAYS_SEARCH_USER_PATHS = NO;
				CLANG_CXX_LANGUAGE_STANDARD = "gnu++0x";
				CLANG_CXX_LIBRARY = "libc++";
				CLANG_ENABLE_MODULES = YES;
				CLANG_ENABLE_OBJC_ARC = YES;
				CLANG_WARN_BOOL_CONVERSION = YES;
				CLANG_WARN_CONSTANT_CONVERSION = YES;
				CLANG_WARN_DIRECT_OBJC_ISA_USAGE = YES_ERROR;
				CLANG_WARN_EMPTY_BODY = YES;
				CLANG_WARN_ENUM_CONVERSION = YES;
				CLANG_WARN_INT_CONVERSION = YES;
				CLANG_WARN_OBJC_ROOT_CLASS = YES_ERROR;
				CLANG_WARN_UNREACHABLE_CODE = YES;
				CLANG_WARN__DUPLICATE_METHOD_MATCH = YES;
				"CODE_SIGN_IDENTITY[sdk=iphoneos*]" = "iPhone Developer";
				COPY_PHASE_STRIP = NO;
				DEBUG_INFORMATION_FORMAT = "dwarf-with-dsym";
				ENABLE_STRICT_OBJC_MSGSEND = YES;
				GCC_C_LANGUAGE_STANDARD = gnu99;
				GCC_DYNAMIC_NO_PIC = NO;
				GCC_NO_COMMON_BLOCKS = YES;
				GCC_OPTIMIZATION_LEVEL = 0;
				GCC_PREPROCESSOR_DEFINITIONS = (
					"DEBUG=1",
					"$(inherited)",
				);
				GCC_SYMBOLS_PRIVATE_EXTERN = NO;
				GCC_WARN_64_TO_32_BIT_CONVERSION = YES;
				GCC_WARN_ABOUT_RETURN_TYPE = YES_ERROR;
				GCC_WARN_UNDECLARED_SELECTOR = YES;
				GCC_WARN_UNINITIALIZED_AUTOS = YES_AGGRESSIVE;
				GCC_WARN_UNUSED_FUNCTION = YES;
				GCC_WARN_UNUSED_VARIABLE = YES;
				IPHONEOS_DEPLOYMENT_TARGET = 8.4;
				MTL_ENABLE_DEBUG_INFO = YES;
				ONLY_ACTIVE_ARCH = YES;
				SDKROOT = iphoneos;
				SWIFT_OPTIMIZATION_LEVEL = "-Onone";
				TARGETED_DEVICE_FAMILY = "1,2";
			};
			name = Debug;
		};
		E31BBB6E1B80BC9E00F967DE /* Release */ = {
			isa = XCBuildConfiguration;
			buildSettings = {
				ALWAYS_SEARCH_USER_PATHS = NO;
				CLANG_CXX_LANGUAGE_STANDARD = "gnu++0x";
				CLANG_CXX_LIBRARY = "libc++";
				CLANG_ENABLE_MODULES = YES;
				CLANG_ENABLE_OBJC_ARC = YES;
				CLANG_WARN_BOOL_CONVERSION = YES;
				CLANG_WARN_CONSTANT_CONVERSION = YES;
				CLANG_WARN_DIRECT_OBJC_ISA_USAGE = YES_ERROR;
				CLANG_WARN_EMPTY_BODY = YES;
				CLANG_WARN_ENUM_CONVERSION = YES;
				CLANG_WARN_INT_CONVERSION = YES;
				CLANG_WARN_OBJC_ROOT_CLASS = YES_ERROR;
				CLANG_WARN_UNREACHABLE_CODE = YES;
				CLANG_WARN__DUPLICATE_METHOD_MATCH = YES;
				"CODE_SIGN_IDENTITY[sdk=iphoneos*]" = "iPhone Developer";
				COPY_PHASE_STRIP = NO;
				DEBUG_INFORMATION_FORMAT = "dwarf-with-dsym";
				ENABLE_NS_ASSERTIONS = NO;
				ENABLE_STRICT_OBJC_MSGSEND = YES;
				GCC_C_LANGUAGE_STANDARD = gnu99;
				GCC_NO_COMMON_BLOCKS = YES;
				GCC_WARN_64_TO_32_BIT_CONVERSION = YES;
				GCC_WARN_ABOUT_RETURN_TYPE = YES_ERROR;
				GCC_WARN_UNDECLARED_SELECTOR = YES;
				GCC_WARN_UNINITIALIZED_AUTOS = YES_AGGRESSIVE;
				GCC_WARN_UNUSED_FUNCTION = YES;
				GCC_WARN_UNUSED_VARIABLE = YES;
				IPHONEOS_DEPLOYMENT_TARGET = 8.4;
				MTL_ENABLE_DEBUG_INFO = NO;
				SDKROOT = iphoneos;
				TARGETED_DEVICE_FAMILY = "1,2";
				VALIDATE_PRODUCT = YES;
			};
			name = Release;
		};
		E31BBB701B80BC9E00F967DE /* Debug */ = {
			isa = XCBuildConfiguration;
			buildSettings = {
				ASSETCATALOG_COMPILER_APPICON_NAME = AppIcon;
				INFOPLIST_FILE = WIR/Info.plist;
				LD_RUNPATH_SEARCH_PATHS = "$(inherited) @executable_path/Frameworks";
				PRODUCT_NAME = "$(TARGET_NAME)";
			};
			name = Debug;
		};
		E31BBB711B80BC9E00F967DE /* Release */ = {
			isa = XCBuildConfiguration;
			buildSettings = {
				ASSETCATALOG_COMPILER_APPICON_NAME = AppIcon;
				INFOPLIST_FILE = WIR/Info.plist;
				LD_RUNPATH_SEARCH_PATHS = "$(inherited) @executable_path/Frameworks";
				PRODUCT_NAME = "$(TARGET_NAME)";
			};
			name = Release;
		};
		E31BBB731B80BC9E00F967DE /* Debug */ = {
			isa = XCBuildConfiguration;
			buildSettings = {
				BUNDLE_LOADER = "$(TEST_HOST)";
				FRAMEWORK_SEARCH_PATHS = (
					"$(SDKROOT)/Developer/Library/Frameworks",
					"$(inherited)",
				);
				GCC_PREPROCESSOR_DEFINITIONS = (
					"DEBUG=1",
					"$(inherited)",
				);
				INFOPLIST_FILE = WIRTests/Info.plist;
				LD_RUNPATH_SEARCH_PATHS = "$(inherited) @executable_path/Frameworks @loader_path/Frameworks";
				PRODUCT_NAME = "$(TARGET_NAME)";
				TEST_HOST = "$(BUILT_PRODUCTS_DIR)/WIR.app/WIR";
			};
			name = Debug;
		};
		E31BBB741B80BC9E00F967DE /* Release */ = {
			isa = XCBuildConfiguration;
			buildSettings = {
				BUNDLE_LOADER = "$(TEST_HOST)";
				FRAMEWORK_SEARCH_PATHS = (
					"$(SDKROOT)/Developer/Library/Frameworks",
					"$(inherited)",
				);
				INFOPLIST_FILE = WIRTests/Info.plist;
				LD_RUNPATH_SEARCH_PATHS = "$(inherited) @executable_path/Frameworks @loader_path/Frameworks";
				PRODUCT_NAME = "$(TARGET_NAME)";
				TEST_HOST = "$(BUILT_PRODUCTS_DIR)/WIR.app/WIR";
			};
			name = Release;
		};
/* End XCBuildConfiguration section */

/* Begin XCConfigurationList section */
		E31BBB4B1B80BC9E00F967DE /* Build configuration list for PBXProject "WIR" */ = {
			isa = XCConfigurationList;
			buildConfigurations = (
				E31BBB6D1B80BC9E00F967DE /* Debug */,
				E31BBB6E1B80BC9E00F967DE /* Release */,
			);
			defaultConfigurationIsVisible = 0;
			defaultConfigurationName = Release;
		};
		E31BBB6F1B80BC9E00F967DE /* Build configuration list for PBXNativeTarget "WIR" */ = {
			isa = XCConfigurationList;
			buildConfigurations = (
				E31BBB701B80BC9E00F967DE /* Debug */,
				E31BBB711B80BC9E00F967DE /* Release */,
			);
			defaultConfigurationIsVisible = 0;
		};
		E31BBB721B80BC9E00F967DE /* Build configuration list for PBXNativeTarget "WIRTests" */ = {
			isa = XCConfigurationList;
			buildConfigurations = (
				E31BBB731B80BC9E00F967DE /* Debug */,
				E31BBB741B80BC9E00F967DE /* Release */,
			);
			defaultConfigurationIsVisible = 0;
		};
/* End XCConfigurationList section */
	};
	rootObject = E31BBB481B80BC9E00F967DE /* Project object */;
}
